
Microsoft Visual Studio Solution File, Format Version 12.00
# Visual Studio 14
VisualStudioVersion = 14.0.24720.0
MinimumVisualStudioVersion = 10.0.40219.1
Project("{FAE04EC0-301F-11D3-BF4B-00C04F79EFBC}") = "GymTime.Droid", "GymTime\GymTime.Droid\GymTime.Droid.csproj", "{F1D3921F-7005-4B1E-869A-B6701C6309B6}"
EndProject
Project("{FAE04EC0-301F-11D3-BF4B-00C04F79EFBC}") = "GymTime.iOS", "GymTime\GymTime.iOS\GymTime.iOS.csproj", "{0A1F3B83-BFC1-400B-BF15-7E24F9B0992E}"
EndProject
Project("{FAE04EC0-301F-11D3-BF4B-00C04F79EFBC}") = "GymTime.WinPhone", "GymTime\GymTime.WinPhone\GymTime.WinPhone.csproj", "{6C082A51-EAFB-4CB8-9FFA-02A7C5B2EB7A}"
EndProject
Project("{FAE04EC0-301F-11D3-BF4B-00C04F79EFBC}") = "GymTime", "GymTime\GymTime\GymTime.csproj", "{6689228D-DC42-4747-853E-EC1D91AB07E0}"
EndProject
Global
	GlobalSection(SolutionConfigurationPlatforms) = preSolution
		Ad-Hoc|Any CPU = Ad-Hoc|Any CPU
		Ad-Hoc|ARM = Ad-Hoc|ARM
		Ad-Hoc|iPhone = Ad-Hoc|iPhone
		Ad-Hoc|iPhoneSimulator = Ad-Hoc|iPhoneSimulator
		Ad-Hoc|x86 = Ad-Hoc|x86
		AppStore|Any CPU = AppStore|Any CPU
		AppStore|ARM = AppStore|ARM
		AppStore|iPhone = AppStore|iPhone
		AppStore|iPhoneSimulator = AppStore|iPhoneSimulator
		AppStore|x86 = AppStore|x86
		Debug|Any CPU = Debug|Any CPU
		Debug|ARM = Debug|ARM
		Debug|iPhone = Debug|iPhone
		Debug|iPhoneSimulator = Debug|iPhoneSimulator
		Debug|x86 = Debug|x86
		Release|Any CPU = Release|Any CPU
		Release|ARM = Release|ARM
		Release|iPhone = Release|iPhone
		Release|iPhoneSimulator = Release|iPhoneSimulator
		Release|x86 = Release|x86
	EndGlobalSection
	GlobalSection(ProjectConfigurationPlatforms) = postSolution
		{F1D3921F-7005-4B1E-869A-B6701C6309B6}.Ad-Hoc|Any CPU.ActiveCfg = Release|Any CPU
		{F1D3921F-7005-4B1E-869A-B6701C6309B6}.Ad-Hoc|Any CPU.Build.0 = Release|Any CPU
		{F1D3921F-7005-4B1E-869A-B6701C6309B6}.Ad-Hoc|Any CPU.Deploy.0 = Release|Any CPU
		{F1D3921F-7005-4B1E-869A-B6701C6309B6}.Ad-Hoc|ARM.ActiveCfg = Release|Any CPU
		{F1D3921F-7005-4B1E-869A-B6701C6309B6}.Ad-Hoc|ARM.Build.0 = Release|Any CPU
		{F1D3921F-7005-4B1E-869A-B6701C6309B6}.Ad-Hoc|ARM.Deploy.0 = Release|Any CPU
		{F1D3921F-7005-4B1E-869A-B6701C6309B6}.Ad-Hoc|iPhone.ActiveCfg = Release|Any CPU
		{F1D3921F-7005-4B1E-869A-B6701C6309B6}.Ad-Hoc|iPhone.Build.0 = Release|Any CPU
		{F1D3921F-7005-4B1E-869A-B6701C6309B6}.Ad-Hoc|iPhone.Deploy.0 = Release|Any CPU
		{F1D3921F-7005-4B1E-869A-B6701C6309B6}.Ad-Hoc|iPhoneSimulator.ActiveCfg = Release|Any CPU
		{F1D3921F-7005-4B1E-869A-B6701C6309B6}.Ad-Hoc|iPhoneSimulator.Build.0 = Release|Any CPU
		{F1D3921F-7005-4B1E-869A-B6701C6309B6}.Ad-Hoc|iPhoneSimulator.Deploy.0 = Release|Any CPU
		{F1D3921F-7005-4B1E-869A-B6701C6309B6}.Ad-Hoc|x86.ActiveCfg = Release|Any CPU
		{F1D3921F-7005-4B1E-869A-B6701C6309B6}.Ad-Hoc|x86.Build.0 = Release|Any CPU
		{F1D3921F-7005-4B1E-869A-B6701C6309B6}.Ad-Hoc|x86.Deploy.0 = Release|Any CPU
		{F1D3921F-7005-4B1E-869A-B6701C6309B6}.AppStore|Any CPU.ActiveCfg = Release|Any CPU
		{F1D3921F-7005-4B1E-869A-B6701C6309B6}.AppStore|Any CPU.Build.0 = Release|Any CPU
		{F1D3921F-7005-4B1E-869A-B6701C6309B6}.AppStore|Any CPU.Deploy.0 = Release|Any CPU
		{F1D3921F-7005-4B1E-869A-B6701C6309B6}.AppStore|ARM.ActiveCfg = Release|Any CPU
		{F1D3921F-7005-4B1E-869A-B6701C6309B6}.AppStore|ARM.Build.0 = Release|Any CPU
		{F1D3921F-7005-4B1E-869A-B6701C6309B6}.AppStore|ARM.Deploy.0 = Release|Any CPU
		{F1D3921F-7005-4B1E-869A-B6701C6309B6}.AppStore|iPhone.ActiveCfg = Release|Any CPU
		{F1D3921F-7005-4B1E-869A-B6701C6309B6}.AppStore|iPhone.Build.0 = Release|Any CPU
		{F1D3921F-7005-4B1E-869A-B6701C6309B6}.AppStore|iPhone.Deploy.0 = Release|Any CPU
		{F1D3921F-7005-4B1E-869A-B6701C6309B6}.AppStore|iPhoneSimulator.ActiveCfg = Release|Any CPU
		{F1D3921F-7005-4B1E-869A-B6701C6309B6}.AppStore|iPhoneSimulator.Build.0 = Release|Any CPU
		{F1D3921F-7005-4B1E-869A-B6701C6309B6}.AppStore|iPhoneSimulator.Deploy.0 = Release|Any CPU
		{F1D3921F-7005-4B1E-869A-B6701C6309B6}.AppStore|x86.ActiveCfg = Release|Any CPU
		{F1D3921F-7005-4B1E-869A-B6701C6309B6}.AppStore|x86.Build.0 = Release|Any CPU
		{F1D3921F-7005-4B1E-869A-B6701C6309B6}.AppStore|x86.Deploy.0 = Release|Any CPU
		{F1D3921F-7005-4B1E-869A-B6701C6309B6}.Debug|Any CPU.ActiveCfg = Debug|Any CPU
		{F1D3921F-7005-4B1E-869A-B6701C6309B6}.Debug|Any CPU.Build.0 = Debug|Any CPU
		{F1D3921F-7005-4B1E-869A-B6701C6309B6}.Debug|Any CPU.Deploy.0 = Debug|Any CPU
		{F1D3921F-7005-4B1E-869A-B6701C6309B6}.Debug|ARM.ActiveCfg = Debug|Any CPU
		{F1D3921F-7005-4B1E-869A-B6701C6309B6}.Debug|ARM.Build.0 = Debug|Any CPU
		{F1D3921F-7005-4B1E-869A-B6701C6309B6}.Debug|ARM.Deploy.0 = Debug|Any CPU
		{F1D3921F-7005-4B1E-869A-B6701C6309B6}.Debug|iPhone.ActiveCfg = Debug|Any CPU
		{F1D3921F-7005-4B1E-869A-B6701C6309B6}.Debug|iPhone.Build.0 = Debug|Any CPU
		{F1D3921F-7005-4B1E-869A-B6701C6309B6}.Debug|iPhone.Deploy.0 = Debug|Any CPU
		{F1D3921F-7005-4B1E-869A-B6701C6309B6}.Debug|iPhoneSimulator.ActiveCfg = Debug|Any CPU
		{F1D3921F-7005-4B1E-869A-B6701C6309B6}.Debug|iPhoneSimulator.Build.0 = Debug|Any CPU
		{F1D3921F-7005-4B1E-869A-B6701C6309B6}.Debug|iPhoneSimulator.Deploy.0 = Debug|Any CPU
		{F1D3921F-7005-4B1E-869A-B6701C6309B6}.Debug|x86.ActiveCfg = Debug|Any CPU
		{F1D3921F-7005-4B1E-869A-B6701C6309B6}.Debug|x86.Build.0 = Debug|Any CPU
		{F1D3921F-7005-4B1E-869A-B6701C6309B6}.Debug|x86.Deploy.0 = Debug|Any CPU
		{F1D3921F-7005-4B1E-869A-B6701C6309B6}.Release|Any CPU.ActiveCfg = Release|Any CPU
		{F1D3921F-7005-4B1E-869A-B6701C6309B6}.Release|Any CPU.Build.0 = Release|Any CPU
		{F1D3921F-7005-4B1E-869A-B6701C6309B6}.Release|Any CPU.Deploy.0 = Release|Any CPU
		{F1D3921F-7005-4B1E-869A-B6701C6309B6}.Release|ARM.ActiveCfg = Release|Any CPU
		{F1D3921F-7005-4B1E-869A-B6701C6309B6}.Release|ARM.Build.0 = Release|Any CPU
		{F1D3921F-7005-4B1E-869A-B6701C6309B6}.Release|ARM.Deploy.0 = Release|Any CPU
		{F1D3921F-7005-4B1E-869A-B6701C6309B6}.Release|iPhone.ActiveCfg = Release|Any CPU
		{F1D3921F-7005-4B1E-869A-B6701C6309B6}.Release|iPhone.Build.0 = Release|Any CPU
		{F1D3921F-7005-4B1E-869A-B6701C6309B6}.Release|iPhone.Deploy.0 = Release|Any CPU
		{F1D3921F-7005-4B1E-869A-B6701C6309B6}.Release|iPhoneSimulator.ActiveCfg = Release|Any CPU
		{F1D3921F-7005-4B1E-869A-B6701C6309B6}.Release|iPhoneSimulator.Build.0 = Release|Any CPU
		{F1D3921F-7005-4B1E-869A-B6701C6309B6}.Release|iPhoneSimulator.Deploy.0 = Release|Any CPU
		{F1D3921F-7005-4B1E-869A-B6701C6309B6}.Release|x86.ActiveCfg = Release|Any CPU
		{F1D3921F-7005-4B1E-869A-B6701C6309B6}.Release|x86.Build.0 = Release|Any CPU
		{F1D3921F-7005-4B1E-869A-B6701C6309B6}.Release|x86.Deploy.0 = Release|Any CPU
		{0A1F3B83-BFC1-400B-BF15-7E24F9B0992E}.Ad-Hoc|Any CPU.ActiveCfg = Ad-Hoc|iPhone
		{0A1F3B83-BFC1-400B-BF15-7E24F9B0992E}.Ad-Hoc|ARM.ActiveCfg = Ad-Hoc|iPhone
		{0A1F3B83-BFC1-400B-BF15-7E24F9B0992E}.Ad-Hoc|iPhone.ActiveCfg = Ad-Hoc|iPhone
		{0A1F3B83-BFC1-400B-BF15-7E24F9B0992E}.Ad-Hoc|iPhone.Build.0 = Ad-Hoc|iPhone
		{0A1F3B83-BFC1-400B-BF15-7E24F9B0992E}.Ad-Hoc|iPhoneSimulator.ActiveCfg = Ad-Hoc|iPhoneSimulator
		{0A1F3B83-BFC1-400B-BF15-7E24F9B0992E}.Ad-Hoc|iPhoneSimulator.Build.0 = Ad-Hoc|iPhoneSimulator
		{0A1F3B83-BFC1-400B-BF15-7E24F9B0992E}.Ad-Hoc|x86.ActiveCfg = Ad-Hoc|iPhone
		{0A1F3B83-BFC1-400B-BF15-7E24F9B0992E}.AppStore|Any CPU.ActiveCfg = AppStore|iPhone
		{0A1F3B83-BFC1-400B-BF15-7E24F9B0992E}.AppStore|ARM.ActiveCfg = AppStore|iPhone
		{0A1F3B83-BFC1-400B-BF15-7E24F9B0992E}.AppStore|iPhone.ActiveCfg = AppStore|iPhone
		{0A1F3B83-BFC1-400B-BF15-7E24F9B0992E}.AppStore|iPhone.Build.0 = AppStore|iPhone
		{0A1F3B83-BFC1-400B-BF15-7E24F9B0992E}.AppStore|iPhoneSimulator.ActiveCfg = AppStore|iPhoneSimulator
		{0A1F3B83-BFC1-400B-BF15-7E24F9B0992E}.AppStore|iPhoneSimulator.Build.0 = AppStore|iPhoneSimulator
		{0A1F3B83-BFC1-400B-BF15-7E24F9B0992E}.AppStore|x86.ActiveCfg = AppStore|iPhone
		{0A1F3B83-BFC1-400B-BF15-7E24F9B0992E}.Debug|Any CPU.ActiveCfg = Debug|iPhone
		{0A1F3B83-BFC1-400B-BF15-7E24F9B0992E}.Debug|ARM.ActiveCfg = Debug|iPhone
		{0A1F3B83-BFC1-400B-BF15-7E24F9B0992E}.Debug|iPhone.ActiveCfg = Debug|iPhone
		{0A1F3B83-BFC1-400B-BF15-7E24F9B0992E}.Debug|iPhone.Build.0 = Debug|iPhone
		{0A1F3B83-BFC1-400B-BF15-7E24F9B0992E}.Debug|iPhoneSimulator.ActiveCfg = Debug|iPhoneSimulator
		{0A1F3B83-BFC1-400B-BF15-7E24F9B0992E}.Debug|iPhoneSimulator.Build.0 = Debug|iPhoneSimulator
		{0A1F3B83-BFC1-400B-BF15-7E24F9B0992E}.Debug|x86.ActiveCfg = Debug|iPhone
		{0A1F3B83-BFC1-400B-BF15-7E24F9B0992E}.Release|Any CPU.ActiveCfg = Release|iPhone
		{0A1F3B83-BFC1-400B-BF15-7E24F9B0992E}.Release|ARM.ActiveCfg = Release|iPhone
		{0A1F3B83-BFC1-400B-BF15-7E24F9B0992E}.Release|iPhone.ActiveCfg = Release|iPhone
		{0A1F3B83-BFC1-400B-BF15-7E24F9B0992E}.Release|iPhone.Build.0 = Release|iPhone
		{0A1F3B83-BFC1-400B-BF15-7E24F9B0992E}.Release|iPhoneSimulator.ActiveCfg = Release|iPhoneSimulator
		{0A1F3B83-BFC1-400B-BF15-7E24F9B0992E}.Release|iPhoneSimulator.Build.0 = Release|iPhoneSimulator
		{0A1F3B83-BFC1-400B-BF15-7E24F9B0992E}.Release|x86.ActiveCfg = Release|iPhone
		{6C082A51-EAFB-4CB8-9FFA-02A7C5B2EB7A}.Ad-Hoc|Any CPU.ActiveCfg = Release|Any CPU
		{6C082A51-EAFB-4CB8-9FFA-02A7C5B2EB7A}.Ad-Hoc|Any CPU.Build.0 = Release|Any CPU
		{6C082A51-EAFB-4CB8-9FFA-02A7C5B2EB7A}.Ad-Hoc|Any CPU.Deploy.0 = Release|Any CPU
		{6C082A51-EAFB-4CB8-9FFA-02A7C5B2EB7A}.Ad-Hoc|ARM.ActiveCfg = Release|ARM
		{6C082A51-EAFB-4CB8-9FFA-02A7C5B2EB7A}.Ad-Hoc|ARM.Build.0 = Release|ARM
		{6C082A51-EAFB-4CB8-9FFA-02A7C5B2EB7A}.Ad-Hoc|ARM.Deploy.0 = Release|ARM
		{6C082A51-EAFB-4CB8-9FFA-02A7C5B2EB7A}.Ad-Hoc|iPhone.ActiveCfg = Release|Any CPU
		{6C082A51-EAFB-4CB8-9FFA-02A7C5B2EB7A}.Ad-Hoc|iPhone.Build.0 = Release|Any CPU
		{6C082A51-EAFB-4CB8-9FFA-02A7C5B2EB7A}.Ad-Hoc|iPhone.Deploy.0 = Release|Any CPU
		{6C082A51-EAFB-4CB8-9FFA-02A7C5B2EB7A}.Ad-Hoc|iPhoneSimulator.ActiveCfg = Release|Any CPU
		{6C082A51-EAFB-4CB8-9FFA-02A7C5B2EB7A}.Ad-Hoc|iPhoneSimulator.Build.0 = Release|Any CPU
		{6C082A51-EAFB-4CB8-9FFA-02A7C5B2EB7A}.Ad-Hoc|iPhoneSimulator.Deploy.0 = Release|Any CPU
		{6C082A51-EAFB-4CB8-9FFA-02A7C5B2EB7A}.Ad-Hoc|x86.ActiveCfg = Release|x86
		{6C082A51-EAFB-4CB8-9FFA-02A7C5B2EB7A}.Ad-Hoc|x86.Build.0 = Release|x86
		{6C082A51-EAFB-4CB8-9FFA-02A7C5B2EB7A}.Ad-Hoc|x86.Deploy.0 = Release|x86
		{6C082A51-EAFB-4CB8-9FFA-02A7C5B2EB7A}.AppStore|Any CPU.ActiveCfg = Release|Any CPU
		{6C082A51-EAFB-4CB8-9FFA-02A7C5B2EB7A}.AppStore|Any CPU.Build.0 = Release|Any CPU
		{6C082A51-EAFB-4CB8-9FFA-02A7C5B2EB7A}.AppStore|Any CPU.Deploy.0 = Release|Any CPU
		{6C082A51-EAFB-4CB8-9FFA-02A7C5B2EB7A}.AppStore|ARM.ActiveCfg = Release|ARM
		{6C082A51-EAFB-4CB8-9FFA-02A7C5B2EB7A}.AppStore|ARM.Build.0 = Release|ARM
		{6C082A51-EAFB-4CB8-9FFA-02A7C5B2EB7A}.AppStore|ARM.Deploy.0 = Release|ARM
		{6C082A51-EAFB-4CB8-9FFA-02A7C5B2EB7A}.AppStore|iPhone.ActiveCfg = Release|Any CPU
		{6C082A51-EAFB-4CB8-9FFA-02A7C5B2EB7A}.AppStore|iPhone.Build.0 = Release|Any CPU
		{6C082A51-EAFB-4CB8-9FFA-02A7C5B2EB7A}.AppStore|iPhone.Deploy.0 = Release|Any CPU
		{6C082A51-EAFB-4CB8-9FFA-02A7C5B2EB7A}.AppStore|iPhoneSimulator.ActiveCfg = Release|Any CPU
		{6C082A51-EAFB-4CB8-9FFA-02A7C5B2EB7A}.AppStore|iPhoneSimulator.Build.0 = Release|Any CPU
		{6C082A51-EAFB-4CB8-9FFA-02A7C5B2EB7A}.AppStore|iPhoneSimulator.Deploy.0 = Release|Any CPU
		{6C082A51-EAFB-4CB8-9FFA-02A7C5B2EB7A}.AppStore|x86.ActiveCfg = Release|x86
		{6C082A51-EAFB-4CB8-9FFA-02A7C5B2EB7A}.AppStore|x86.Build.0 = Release|x86
		{6C082A51-EAFB-4CB8-9FFA-02A7C5B2EB7A}.AppStore|x86.Deploy.0 = Release|x86
		{6C082A51-EAFB-4CB8-9FFA-02A7C5B2EB7A}.Debug|Any CPU.ActiveCfg = Debug|Any CPU
		{6C082A51-EAFB-4CB8-9FFA-02A7C5B2EB7A}.Debug|Any CPU.Build.0 = Debug|Any CPU
		{6C082A51-EAFB-4CB8-9FFA-02A7C5B2EB7A}.Debug|Any CPU.Deploy.0 = Debug|Any CPU
		{6C082A51-EAFB-4CB8-9FFA-02A7C5B2EB7A}.Debug|ARM.ActiveCfg = Debug|ARM
		{6C082A51-EAFB-4CB8-9FFA-02A7C5B2EB7A}.Debug|ARM.Build.0 = Debug|ARM
		{6C082A51-EAFB-4CB8-9FFA-02A7C5B2EB7A}.Debug|ARM.Deploy.0 = Debug|ARM
		{6C082A51-EAFB-4CB8-9FFA-02A7C5B2EB7A}.Debug|iPhone.ActiveCfg = Debug|Any CPU
		{6C082A51-EAFB-4CB8-9FFA-02A7C5B2EB7A}.Debug|iPhone.Build.0 = Debug|Any CPU
		{6C082A51-EAFB-4CB8-9FFA-02A7C5B2EB7A}.Debug|iPhone.Deploy.0 = Debug|Any CPU
		{6C082A51-EAFB-4CB8-9FFA-02A7C5B2EB7A}.Debug|iPhoneSimulator.ActiveCfg = Debug|Any CPU
		{6C082A51-EAFB-4CB8-9FFA-02A7C5B2EB7A}.Debug|iPhoneSimulator.Build.0 = Debug|Any CPU
		{6C082A51-EAFB-4CB8-9FFA-02A7C5B2EB7A}.Debug|iPhoneSimulator.Deploy.0 = Debug|Any CPU
		{6C082A51-EAFB-4CB8-9FFA-02A7C5B2EB7A}.Debug|x86.ActiveCfg = Debug|x86
		{6C082A51-EAFB-4CB8-9FFA-02A7C5B2EB7A}.Debug|x86.Build.0 = Debug|x86
		{6C082A51-EAFB-4CB8-9FFA-02A7C5B2EB7A}.Debug|x86.Deploy.0 = Debug|x86
		{6C082A51-EAFB-4CB8-9FFA-02A7C5B2EB7A}.Release|Any CPU.ActiveCfg = Release|Any CPU
		{6C082A51-EAFB-4CB8-9FFA-02A7C5B2EB7A}.Release|Any CPU.Build.0 = Release|Any CPU
		{6C082A51-EAFB-4CB8-9FFA-02A7C5B2EB7A}.Release|Any CPU.Deploy.0 = Release|Any CPU
		{6C082A51-EAFB-4CB8-9FFA-02A7C5B2EB7A}.Release|ARM.ActiveCfg = Release|ARM
		{6C082A51-EAFB-4CB8-9FFA-02A7C5B2EB7A}.Release|ARM.Build.0 = Release|ARM
		{6C082A51-EAFB-4CB8-9FFA-02A7C5B2EB7A}.Release|ARM.Deploy.0 = Release|ARM
		{6C082A51-EAFB-4CB8-9FFA-02A7C5B2EB7A}.Release|iPhone.ActiveCfg = Release|Any CPU
		{6C082A51-EAFB-4CB8-9FFA-02A7C5B2EB7A}.Release|iPhone.Build.0 = Release|Any CPU
		{6C082A51-EAFB-4CB8-9FFA-02A7C5B2EB7A}.Release|iPhone.Deploy.0 = Release|Any CPU
		{6C082A51-EAFB-4CB8-9FFA-02A7C5B2EB7A}.Release|iPhoneSimulator.ActiveCfg = Release|Any CPU
		{6C082A51-EAFB-4CB8-9FFA-02A7C5B2EB7A}.Release|iPhoneSimulator.Build.0 = Release|Any CPU
		{6C082A51-EAFB-4CB8-9FFA-02A7C5B2EB7A}.Release|iPhoneSimulator.Deploy.0 = Release|Any CPU
		{6C082A51-EAFB-4CB8-9FFA-02A7C5B2EB7A}.Release|x86.ActiveCfg = Release|x86
		{6C082A51-EAFB-4CB8-9FFA-02A7C5B2EB7A}.Release|x86.Build.0 = Release|x86
		{6C082A51-EAFB-4CB8-9FFA-02A7C5B2EB7A}.Release|x86.Deploy.0 = Release|x86
		{6689228D-DC42-4747-853E-EC1D91AB07E0}.Ad-Hoc|Any CPU.ActiveCfg = Release|Any CPU
		{6689228D-DC42-4747-853E-EC1D91AB07E0}.Ad-Hoc|Any CPU.Build.0 = Release|Any CPU
		{6689228D-DC42-4747-853E-EC1D91AB07E0}.Ad-Hoc|ARM.ActiveCfg = Release|Any CPU
		{6689228D-DC42-4747-853E-EC1D91AB07E0}.Ad-Hoc|ARM.Build.0 = Release|Any CPU
		{6689228D-DC42-4747-853E-EC1D91AB07E0}.Ad-Hoc|iPhone.ActiveCfg = Release|Any CPU
		{6689228D-DC42-4747-853E-EC1D91AB07E0}.Ad-Hoc|iPhone.Build.0 = Release|Any CPU
		{6689228D-DC42-4747-853E-EC1D91AB07E0}.Ad-Hoc|iPhoneSimulator.ActiveCfg = Release|Any CPU
		{6689228D-DC42-4747-853E-EC1D91AB07E0}.Ad-Hoc|iPhoneSimulator.Build.0 = Release|Any CPU
		{6689228D-DC42-4747-853E-EC1D91AB07E0}.Ad-Hoc|x86.ActiveCfg = Release|Any CPU
		{6689228D-DC42-4747-853E-EC1D91AB07E0}.Ad-Hoc|x86.Build.0 = Release|Any CPU
		{6689228D-DC42-4747-853E-EC1D91AB07E0}.AppStore|Any CPU.ActiveCfg = Release|Any CPU
		{6689228D-DC42-4747-853E-EC1D91AB07E0}.AppStore|Any CPU.Build.0 = Release|Any CPU
		{6689228D-DC42-4747-853E-EC1D91AB07E0}.AppStore|ARM.ActiveCfg = Release|Any CPU
		{6689228D-DC42-4747-853E-EC1D91AB07E0}.AppStore|ARM.Build.0 = Release|Any CPU
		{6689228D-DC42-4747-853E-EC1D91AB07E0}.AppStore|iPhone.ActiveCfg = Release|Any CPU
		{6689228D-DC42-4747-853E-EC1D91AB07E0}.AppStore|iPhone.Build.0 = Release|Any CPU
		{6689228D-DC42-4747-853E-EC1D91AB07E0}.AppStore|iPhoneSimulator.ActiveCfg = Release|Any CPU
		{6689228D-DC42-4747-853E-EC1D91AB07E0}.AppStore|iPhoneSimulator.Build.0 = Release|Any CPU
		{6689228D-DC42-4747-853E-EC1D91AB07E0}.AppStore|x86.ActiveCfg = Release|Any CPU
		{6689228D-DC42-4747-853E-EC1D91AB07E0}.AppStore|x86.Build.0 = Release|Any CPU
		{6689228D-DC42-4747-853E-EC1D91AB07E0}.Debug|Any CPU.ActiveCfg = Debug|Any CPU
		{6689228D-DC42-4747-853E-EC1D91AB07E0}.Debug|Any CPU.Build.0 = Debug|Any CPU
		{6689228D-DC42-4747-853E-EC1D91AB07E0}.Debug|ARM.ActiveCfg = Debug|Any CPU
		{6689228D-DC42-4747-853E-EC1D91AB07E0}.Debug|ARM.Build.0 = Debug|Any CPU
		{6689228D-DC42-4747-853E-EC1D91AB07E0}.Debug|iPhone.ActiveCfg = Debug|Any CPU
		{6689228D-DC42-4747-853E-EC1D91AB07E0}.Debug|iPhone.Build.0 = Debug|Any CPU
		{6689228D-DC42-4747-853E-EC1D91AB07E0}.Debug|iPhoneSimulator.ActiveCfg = Debug|Any CPU
		{6689228D-DC42-4747-853E-EC1D91AB07E0}.Debug|iPhoneSimulator.Build.0 = Debug|Any CPU
		{6689228D-DC42-4747-853E-EC1D91AB07E0}.Debug|x86.ActiveCfg = Debug|Any CPU
		{6689228D-DC42-4747-853E-EC1D91AB07E0}.Debug|x86.Build.0 = Debug|Any CPU
		{6689228D-DC42-4747-853E-EC1D91AB07E0}.Release|Any CPU.ActiveCfg = Release|Any CPU
		{6689228D-DC42-4747-853E-EC1D91AB07E0}.Release|Any CPU.Build.0 = Release|Any CPU
		{6689228D-DC42-4747-853E-EC1D91AB07E0}.Release|ARM.ActiveCfg = Release|Any CPU
		{6689228D-DC42-4747-853E-EC1D91AB07E0}.Release|ARM.Build.0 = Release|Any CPU
		{6689228D-DC42-4747-853E-EC1D91AB07E0}.Release|iPhone.ActiveCfg = Release|Any CPU
		{6689228D-DC42-4747-853E-EC1D91AB07E0}.Release|iPhone.Build.0 = Release|Any CPU
		{6689228D-DC42-4747-853E-EC1D91AB07E0}.Release|iPhoneSimulator.ActiveCfg = Release|Any CPU
		{6689228D-DC42-4747-853E-EC1D91AB07E0}.Release|iPhoneSimulator.Build.0 = Release|Any CPU
		{6689228D-DC42-4747-853E-EC1D91AB07E0}.Release|x86.ActiveCfg = Release|Any CPU
		{6689228D-DC42-4747-853E-EC1D91AB07E0}.Release|x86.Build.0 = Release|Any CPU
	EndGlobalSection
	GlobalSection(SolutionProperties) = preSolution
		HideSolutionNode = FALSE
	EndGlobalSection
EndGlobal
